
Microsoft Visual Studio Solution File, Format Version 12.00
# Visual Studio Version 17
VisualStudioVersion = 17.2.32616.157
MinimumVisualStudioVersion = 10.0.40219.1
Project("{9A19103F-16F7-4668-BE54-9A1E7A4F7556}") = "ReflectionExtended", "ReflectionExtended\ReflectionExtended.csproj", "{1B403E32-8D72-4DEB-A37D-BFBDCCC84B80}"
EndProject
Project("{9A19103F-16F7-4668-BE54-9A1E7A4F7556}") = "ReflectionExtended.Tests", "ReflectionExtended.Tests\ReflectionExtended.Tests.csproj", "{5695061E-8B09-4267-9258-F15EADE9F876}"
EndProject
Global
	GlobalSection(SolutionConfigurationPlatforms) = preSolution
		Build|Any CPU = Build|Any CPU
		Test-NET5.0|Any CPU = Test-NET5.0|Any CPU
		Test-NETSTANDARD2.0|Any CPU = Test-NETSTANDARD2.0|Any CPU
	EndGlobalSection
	GlobalSection(ProjectConfigurationPlatforms) = postSolution
		{1B403E32-8D72-4DEB-A37D-BFBDCCC84B80}.Build|Any CPU.ActiveCfg = Release|Any CPU
		{1B403E32-8D72-4DEB-A37D-BFBDCCC84B80}.Build|Any CPU.Build.0 = Release|Any CPU
		{1B403E32-8D72-4DEB-A37D-BFBDCCC84B80}.Test-NET5.0|Any CPU.ActiveCfg = Debug|Any CPU
		{1B403E32-8D72-4DEB-A37D-BFBDCCC84B80}.Test-NET5.0|Any CPU.Build.0 = Debug|Any CPU
		{1B403E32-8D72-4DEB-A37D-BFBDCCC84B80}.Test-NETSTANDARD2.0|Any CPU.ActiveCfg = Debug|Any CPU
		{1B403E32-8D72-4DEB-A37D-BFBDCCC84B80}.Test-NETSTANDARD2.0|Any CPU.Build.0 = Debug|Any CPU
		{5695061E-8B09-4267-9258-F15EADE9F876}.Build|Any CPU.ActiveCfg = netstandard2.0|Any CPU
		{5695061E-8B09-4267-9258-F15EADE9F876}.Test-NET5.0|Any CPU.ActiveCfg = net5.0|Any CPU
		{5695061E-8B09-4267-9258-F15EADE9F876}.Test-NET5.0|Any CPU.Build.0 = net5.0|Any CPU
		{5695061E-8B09-4267-9258-F15EADE9F876}.Test-NETSTANDARD2.0|Any CPU.ActiveCfg = netstandard2.0|Any CPU
		{5695061E-8B09-4267-9258-F15EADE9F876}.Test-NETSTANDARD2.0|Any CPU.Build.0 = netstandard2.0|Any CPU
	EndGlobalSection
	GlobalSection(SolutionProperties) = preSolution
		HideSolutionNode = FALSE
	EndGlobalSection
	GlobalSection(ExtensibilityGlobals) = postSolution
		SolutionGuid = {6630223D-F638-4E6A-ACBC-743CC3F1AB7D}
	EndGlobalSection
EndGlobal
